{
  "projects": [
    {
      "projectId": "7CzphteDn95cERg7nN7EAF",
      "version": "latest",
      "dependencies": {},
      "lang": "ts",
      "fileLocks": [
        {
          "type": "globalVariant",
          "assetId": "HABl5zeVufY",
          "checksum": "459826b0028dd58a99fac715d02083f7"
        },
        {
          "type": "renderModule",
          "assetId": "K4zY1Z6RTV",
          "checksum": "eb06129ca6675589dfb5af8cc06a9f4b"
        },
        {
          "type": "cssRules",
          "assetId": "K4zY1Z6RTV",
          "checksum": "eb06129ca6675589dfb5af8cc06a9f4b"
        },
        {
          "type": "renderModule",
          "assetId": "dTKTvnUQf8",
          "checksum": "6ebf1aa00ede78a7aa987e33700f10d0"
        },
        {
          "type": "cssRules",
          "assetId": "dTKTvnUQf8",
          "checksum": "6ebf1aa00ede78a7aa987e33700f10d0"
        },
        {
          "type": "icon",
          "assetId": "RvQEfXJy0",
          "checksum": "3cf78a59db6f0033c5941f86756071d6"
        },
        {
          "type": "renderModule",
          "assetId": "GklD1g5Wgw",
          "checksum": "43d3567873fd71ad06a293f232e4c80c"
        },
        {
          "type": "cssRules",
          "assetId": "GklD1g5Wgw",
          "checksum": "43d3567873fd71ad06a293f232e4c80c"
        },
        {
          "type": "renderModule",
          "assetId": "QMj3hEcFdK",
          "checksum": "3ca8e5dec58ebb4339d5e54343ced127"
        },
        {
          "type": "cssRules",
          "assetId": "QMj3hEcFdK",
          "checksum": "3ca8e5dec58ebb4339d5e54343ced127"
        },
        {
          "type": "renderModule",
          "assetId": "3e8PB83RLm",
          "checksum": "6ab60f64e7524aee509074df740f39e7"
        },
        {
          "type": "cssRules",
          "assetId": "3e8PB83RLm",
          "checksum": "6ab60f64e7524aee509074df740f39e7"
        },
        {
          "type": "renderModule",
          "assetId": "6mDHqpDUxe",
          "checksum": "3f3c8a4d9b057bb5fadc66185a746412"
        },
        {
          "type": "cssRules",
          "assetId": "6mDHqpDUxe",
          "checksum": "3f3c8a4d9b057bb5fadc66185a746412"
        },
        {
          "type": "renderModule",
          "assetId": "ln-1hqOKZ9u",
          "checksum": "bd021b52842c7e09e74236caf569d833"
        },
        {
          "type": "cssRules",
          "assetId": "ln-1hqOKZ9u",
          "checksum": "bd021b52842c7e09e74236caf569d833"
        },
        {
          "type": "renderModule",
          "assetId": "6y2iAxc2rc",
          "checksum": "12863901c454c34fc713342455094614"
        },
        {
          "type": "cssRules",
          "assetId": "6y2iAxc2rc",
          "checksum": "12863901c454c34fc713342455094614"
        },
        {
          "type": "renderModule",
          "assetId": "uZnVkj7Gzvz",
          "checksum": "5d07549243082359aa581ec3916cbdc4"
        },
        {
          "type": "cssRules",
          "assetId": "uZnVkj7Gzvz",
          "checksum": "5d07549243082359aa581ec3916cbdc4"
        },
        {
          "type": "icon",
          "assetId": "4dg6R0H3i",
          "checksum": "9ec952f417ec0ed3fc8f63362d2195d3"
        },
        {
          "type": "icon",
          "assetId": "E5VKiMd8l",
          "checksum": "b26fcec3a8c2d67303fda32a4ebbd783"
        },
        {
          "type": "renderModule",
          "assetId": "8XNt3BOtDt",
          "checksum": "e187114fca2ec959a0593e8bbe4ef029"
        },
        {
          "type": "cssRules",
          "assetId": "8XNt3BOtDt",
          "checksum": "e187114fca2ec959a0593e8bbe4ef029"
        },
        {
          "type": "renderModule",
          "assetId": "1jPR-7rOPe",
          "checksum": "b95116c4392af731411d52c5691bd5b8"
        },
        {
          "type": "cssRules",
          "assetId": "1jPR-7rOPe",
          "checksum": "b95116c4392af731411d52c5691bd5b8"
        },
        {
          "type": "renderModule",
          "assetId": "OWIENifDVhJ",
          "checksum": "36fc1c6638513d8d50567ffba4203fe4"
        },
        {
          "type": "cssRules",
          "assetId": "OWIENifDVhJ",
          "checksum": "36fc1c6638513d8d50567ffba4203fe4"
        },
        {
          "type": "icon",
          "assetId": "PCaQsxt1j",
          "checksum": "cf4c41978a90ff44871207569c938fcc"
        },
        {
          "type": "image",
          "assetId": "7q2ShsRLo",
          "checksum": "69db749d70c12be7353855952300d622"
        },
        {
          "type": "image",
          "assetId": "070V2DH0j",
          "checksum": "3c285772d3714692f8e5de4bc3208f8c"
        },
        {
          "type": "renderModule",
          "assetId": "gY1crScWzn",
          "checksum": "f58978a35edc46e3822c5c781f625770"
        },
        {
          "type": "cssRules",
          "assetId": "gY1crScWzn",
          "checksum": "f58978a35edc46e3822c5c781f625770"
        },
        {
          "type": "renderModule",
          "assetId": "VyblBdnCPp",
          "checksum": "61f5c72a159a1f02ad346ee3898132f7"
        },
        {
          "type": "cssRules",
          "assetId": "VyblBdnCPp",
          "checksum": "61f5c72a159a1f02ad346ee3898132f7"
        },
        {
          "type": "image",
          "assetId": "09ExT-Vbr",
          "checksum": "5f1dfb4849ed214b9fb1ccf59d2ff217"
        },
        {
          "type": "image",
          "assetId": "553M2BQ3s",
          "checksum": "0b0a05321481ebe7e3eeae843296d796"
        },
        {
          "assetId": "7CzphteDn95cERg7nN7EAF",
          "type": "projectCss",
          "checksum": "ec9c2d3eb1d624d1986fee456a038052"
        }
      ],
      "codegenVersion": "0.0.1"
    }
  ],
  "cliVersion": "0.1.170"
}
