{
  "projects": [
    {
      "projectId": "7CzphteDn95cERg7nN7EAF",
      "version": "latest",
      "dependencies": {},
      "lang": "ts",
      "fileLocks": [
        {
          "type": "globalVariant",
          "assetId": "HABl5zeVufY",
          "checksum": "459826b0028dd58a99fac715d02083f7"
        },
        {
          "type": "renderModule",
          "assetId": "dTKTvnUQf8",
          "checksum": "6cd9c7284708aa90107856a63ea8424b"
        },
        {
          "type": "cssRules",
          "assetId": "dTKTvnUQf8",
          "checksum": "6cd9c7284708aa90107856a63ea8424b"
        },
        {
          "type": "icon",
          "assetId": "RvQEfXJy0",
          "checksum": "3cf78a59db6f0033c5941f86756071d6"
        },
        {
          "type": "renderModule",
          "assetId": "GklD1g5Wgw",
          "checksum": "43d3567873fd71ad06a293f232e4c80c"
        },
        {
          "type": "cssRules",
          "assetId": "GklD1g5Wgw",
          "checksum": "43d3567873fd71ad06a293f232e4c80c"
        },
        {
          "type": "renderModule",
          "assetId": "QMj3hEcFdK",
          "checksum": "c91f4c5f1503a2420db5adeae1596a2a"
        },
        {
          "type": "cssRules",
          "assetId": "QMj3hEcFdK",
          "checksum": "c91f4c5f1503a2420db5adeae1596a2a"
        },
        {
          "type": "renderModule",
          "assetId": "3e8PB83RLm",
          "checksum": "6ab60f64e7524aee509074df740f39e7"
        },
        {
          "type": "cssRules",
          "assetId": "3e8PB83RLm",
          "checksum": "6ab60f64e7524aee509074df740f39e7"
        },
        {
          "type": "renderModule",
          "assetId": "6mDHqpDUxe",
          "checksum": "6e290b5c9aadba236e95f83eeea06add"
        },
        {
          "type": "cssRules",
          "assetId": "6mDHqpDUxe",
          "checksum": "6e290b5c9aadba236e95f83eeea06add"
        },
        {
          "type": "renderModule",
          "assetId": "ln-1hqOKZ9u",
          "checksum": "549f1121c7188808572cb5c27700f82e"
        },
        {
          "type": "cssRules",
          "assetId": "ln-1hqOKZ9u",
          "checksum": "549f1121c7188808572cb5c27700f82e"
        },
        {
          "type": "renderModule",
          "assetId": "6y2iAxc2rc",
          "checksum": "e503e26acd31f1b9909e6a68ca3a6cf2"
        },
        {
          "type": "cssRules",
          "assetId": "6y2iAxc2rc",
          "checksum": "e503e26acd31f1b9909e6a68ca3a6cf2"
        },
        {
          "type": "renderModule",
          "assetId": "uZnVkj7Gzvz",
          "checksum": "8078d37cbc78f31109715961d86e35c5"
        },
        {
          "type": "cssRules",
          "assetId": "uZnVkj7Gzvz",
          "checksum": "8078d37cbc78f31109715961d86e35c5"
        },
        {
          "type": "icon",
          "assetId": "4dg6R0H3i",
          "checksum": "9ec952f417ec0ed3fc8f63362d2195d3"
        },
        {
          "type": "icon",
          "assetId": "E5VKiMd8l",
          "checksum": "b26fcec3a8c2d67303fda32a4ebbd783"
        },
        {
          "type": "renderModule",
          "assetId": "8XNt3BOtDt",
          "checksum": "c7daf2a675c648f9b15d8037f23f065d"
        },
        {
          "type": "cssRules",
          "assetId": "8XNt3BOtDt",
          "checksum": "c7daf2a675c648f9b15d8037f23f065d"
        },
        {
          "type": "renderModule",
          "assetId": "1jPR-7rOPe",
          "checksum": "b95116c4392af731411d52c5691bd5b8"
        },
        {
          "type": "cssRules",
          "assetId": "1jPR-7rOPe",
          "checksum": "b95116c4392af731411d52c5691bd5b8"
        },
        {
          "type": "renderModule",
          "assetId": "OWIENifDVhJ",
          "checksum": "3154bed20017ca1e59188f24d3b2d43b"
        },
        {
          "type": "cssRules",
          "assetId": "OWIENifDVhJ",
          "checksum": "3154bed20017ca1e59188f24d3b2d43b"
        },
        {
          "type": "icon",
          "assetId": "PCaQsxt1j",
          "checksum": "cf4c41978a90ff44871207569c938fcc"
        },
        {
          "type": "renderModule",
          "assetId": "gY1crScWzn",
          "checksum": "f58978a35edc46e3822c5c781f625770"
        },
        {
          "type": "cssRules",
          "assetId": "gY1crScWzn",
          "checksum": "f58978a35edc46e3822c5c781f625770"
        },
        {
          "type": "renderModule",
          "assetId": "VyblBdnCPp",
          "checksum": "7fc98728a535987dd76fb7876ea47413"
        },
        {
          "type": "cssRules",
          "assetId": "VyblBdnCPp",
          "checksum": "7fc98728a535987dd76fb7876ea47413"
        },
        {
          "type": "image",
          "assetId": "hG1o4gpFu",
          "checksum": "d954c92e69f7f78f1ff34966c36455fe"
        },
        {
          "type": "renderModule",
          "assetId": "tUvxVYleeL",
          "checksum": "74d5e59d0fa67e6a2819ff5b29b05018"
        },
        {
          "type": "cssRules",
          "assetId": "tUvxVYleeL",
          "checksum": "74d5e59d0fa67e6a2819ff5b29b05018"
        },
        {
          "type": "image",
          "assetId": "X_N3uxi-c",
          "checksum": "a798fc1da79857da85ee8739b02b1e6c"
        },
        {
          "type": "icon",
          "assetId": "ytp-msYPk",
          "checksum": "b91dfc9abbbceb010ef5e3c656415f65"
        },
        {
          "type": "icon",
          "assetId": "ZMjzg7GYb",
          "checksum": "13f34bff16848b8d2e74834334c3a4a2"
        },
        {
          "type": "image",
          "assetId": "LPJbHOgER",
          "checksum": "062f1b71ece598644d48a876506b0f90"
        },
        {
          "type": "image",
          "assetId": "ew3_sq0iJ",
          "checksum": "4faf68f02354dc6c59bf2d50d20d450d"
        },
        {
          "type": "renderModule",
          "assetId": "cmMrWuVRF8",
          "checksum": "4a8e77128d535717478d168e6f247fc1"
        },
        {
          "type": "cssRules",
          "assetId": "cmMrWuVRF8",
          "checksum": "4a8e77128d535717478d168e6f247fc1"
        },
        {
          "type": "renderModule",
          "assetId": "8--1DojQth",
          "checksum": "c6e4695889667f7003b90ebb00e24b84"
        },
        {
          "type": "cssRules",
          "assetId": "8--1DojQth",
          "checksum": "c6e4695889667f7003b90ebb00e24b84"
        },
        {
          "type": "renderModule",
          "assetId": "4PfogoODGJ2",
          "checksum": "1603ec1e872a8d8fb149bf5f7155c970"
        },
        {
          "type": "cssRules",
          "assetId": "4PfogoODGJ2",
          "checksum": "1603ec1e872a8d8fb149bf5f7155c970"
        },
        {
          "type": "icon",
          "assetId": "gdJwUI3W1pr",
          "checksum": "c8b754b7d55bf27b6756e35309ed0000"
        },
        {
          "type": "icon",
          "assetId": "wAr9MNE9ViX",
          "checksum": "3d85df9328009e6cf9f11f40b3cff961"
        },
        {
          "type": "image",
          "assetId": "nXmgALh3J",
          "checksum": "a07a33c51a1626ea13865d52d7d48f88"
        },
        {
          "type": "image",
          "assetId": "7Euuq2iGy",
          "checksum": "0be80d63d98dcfa90a99d2fe41622262"
        },
        {
          "type": "renderModule",
          "assetId": "IPO3E1dkvS",
          "checksum": "99b44c0910b3bc3f6311af9ead68f715"
        },
        {
          "type": "cssRules",
          "assetId": "IPO3E1dkvS",
          "checksum": "99b44c0910b3bc3f6311af9ead68f715"
        },
        {
          "type": "icon",
          "assetId": "7RNqhMDlZ",
          "checksum": "db7313d7c9416580ad898dfd707c53bc"
        },
        {
          "type": "icon",
          "assetId": "o3u0eLkve",
          "checksum": "d76fe27f79a6cccf95b3e04c5df1dd86"
        },
        {
          "type": "image",
          "assetId": "0zNkFQtfl",
          "checksum": "de296848555aa243da5c5d1b08336129"
        },
        {
          "type": "image",
          "assetId": "Atb8lDYde",
          "checksum": "cf39a97de2452764a351a216327c9c14"
        },
        {
          "type": "image",
          "assetId": "mxppxBo9h",
          "checksum": "e718454f1f539c4700fc663310f3c795"
        },
        {
          "type": "image",
          "assetId": "VKenCM4B9",
          "checksum": "157c0480aa81540afdad6acd69741c5a"
        },
        {
          "type": "image",
          "assetId": "SGxyaG374",
          "checksum": "0837afb278819494770fde24c8c3bf38"
        },
        {
          "type": "image",
          "assetId": "CBpJsBfb3",
          "checksum": "138c45fa265dc65f0be27b9193dff532"
        },
        {
          "type": "icon",
          "assetId": "6nNIVk6Ac",
          "checksum": "1092454c775a5b59e56b4373bdf67b98"
        },
        {
          "type": "icon",
          "assetId": "vwon0ZYL0",
          "checksum": "08cf61d6cd22a38c807388f09f63b4a2"
        },
        {
          "type": "icon",
          "assetId": "yxDDmV5N_",
          "checksum": "64dba51b2c44ef818d96e276a55d3aa2"
        },
        {
          "type": "image",
          "assetId": "njAFYOK7N",
          "checksum": "55b0b7a8296bd088f9d40211c1145131"
        },
        {
          "type": "image",
          "assetId": "sqdcX4zXt",
          "checksum": "8a8ed3eed9fbb5a443d1d6c3f5c9cf66"
        },
        {
          "type": "icon",
          "assetId": "bDG5ZCgOH",
          "checksum": "db2a287fa88c7487b50b3b7bd65cb1d3"
        },
        {
          "assetId": "7CzphteDn95cERg7nN7EAF",
          "type": "projectCss",
          "checksum": "b6cd4ae893dda39270ae073cd3516fe2"
        }
      ],
      "codegenVersion": "0.0.1"
    }
  ],
  "cliVersion": "0.1.170"
}
