{
  "projects": [
    {
      "projectId": "7CzphteDn95cERg7nN7EAF",
      "version": "latest",
      "dependencies": {},
      "lang": "ts",
      "fileLocks": [
        {
          "type": "globalVariant",
          "assetId": "HABl5zeVufY",
          "checksum": "93ec46f4282b18a953c1c14f73a6cdec"
        },
        {
          "type": "renderModule",
          "assetId": "dTKTvnUQf8",
          "checksum": "a0e9d70f212c626419a24b17d0931b0a"
        },
        {
          "type": "cssRules",
          "assetId": "dTKTvnUQf8",
          "checksum": "a0e9d70f212c626419a24b17d0931b0a"
        },
        {
          "type": "icon",
          "assetId": "RvQEfXJy0",
          "checksum": "3cf78a59db6f0033c5941f86756071d6"
        },
        {
          "type": "renderModule",
          "assetId": "GklD1g5Wgw",
          "checksum": "8e565c70e0fea42b015a6fecf7160ad8"
        },
        {
          "type": "cssRules",
          "assetId": "GklD1g5Wgw",
          "checksum": "8e565c70e0fea42b015a6fecf7160ad8"
        },
        {
          "type": "renderModule",
          "assetId": "QMj3hEcFdK",
          "checksum": "dbec587ef74febe3899c765a5aee4aeb"
        },
        {
          "type": "cssRules",
          "assetId": "QMj3hEcFdK",
          "checksum": "dbec587ef74febe3899c765a5aee4aeb"
        },
        {
          "type": "renderModule",
          "assetId": "3e8PB83RLm",
          "checksum": "5cd8b5a1162d00450f5b9d417a02f4fe"
        },
        {
          "type": "cssRules",
          "assetId": "3e8PB83RLm",
          "checksum": "5cd8b5a1162d00450f5b9d417a02f4fe"
        },
        {
          "type": "renderModule",
          "assetId": "6mDHqpDUxe",
          "checksum": "1bec3f5794628018d78531003fdf80e5"
        },
        {
          "type": "cssRules",
          "assetId": "6mDHqpDUxe",
          "checksum": "1bec3f5794628018d78531003fdf80e5"
        },
        {
          "type": "renderModule",
          "assetId": "ln-1hqOKZ9u",
          "checksum": "f91fe21e68a45710243a2ba0e078fbbe"
        },
        {
          "type": "cssRules",
          "assetId": "ln-1hqOKZ9u",
          "checksum": "f91fe21e68a45710243a2ba0e078fbbe"
        },
        {
          "type": "renderModule",
          "assetId": "6y2iAxc2rc",
          "checksum": "139ee3bd9d717bcaa315446a897601fd"
        },
        {
          "type": "cssRules",
          "assetId": "6y2iAxc2rc",
          "checksum": "139ee3bd9d717bcaa315446a897601fd"
        },
        {
          "type": "renderModule",
          "assetId": "uZnVkj7Gzvz",
          "checksum": "65b83699270ed1bffa89914b36e8740c"
        },
        {
          "type": "cssRules",
          "assetId": "uZnVkj7Gzvz",
          "checksum": "65b83699270ed1bffa89914b36e8740c"
        },
        {
          "type": "icon",
          "assetId": "4dg6R0H3i",
          "checksum": "9ec952f417ec0ed3fc8f63362d2195d3"
        },
        {
          "type": "icon",
          "assetId": "E5VKiMd8l",
          "checksum": "b26fcec3a8c2d67303fda32a4ebbd783"
        },
        {
          "type": "renderModule",
          "assetId": "8XNt3BOtDt",
          "checksum": "8e2ba37215ee7e93e333c839a813ea3e"
        },
        {
          "type": "cssRules",
          "assetId": "8XNt3BOtDt",
          "checksum": "8e2ba37215ee7e93e333c839a813ea3e"
        },
        {
          "type": "renderModule",
          "assetId": "OWIENifDVhJ",
          "checksum": "35d7366fa58b892c2bc41c74efa75b55"
        },
        {
          "type": "cssRules",
          "assetId": "OWIENifDVhJ",
          "checksum": "35d7366fa58b892c2bc41c74efa75b55"
        },
        {
          "type": "icon",
          "assetId": "PCaQsxt1j",
          "checksum": "cf4c41978a90ff44871207569c938fcc"
        },
        {
          "type": "renderModule",
          "assetId": "gY1crScWzn",
          "checksum": "d4c96b22d69b6ee17c53b94ef0a8e9ae"
        },
        {
          "type": "cssRules",
          "assetId": "gY1crScWzn",
          "checksum": "d4c96b22d69b6ee17c53b94ef0a8e9ae"
        },
        {
          "type": "renderModule",
          "assetId": "VyblBdnCPp",
          "checksum": "f1fc93d3bbffe8c2a105205674c59f03"
        },
        {
          "type": "cssRules",
          "assetId": "VyblBdnCPp",
          "checksum": "f1fc93d3bbffe8c2a105205674c59f03"
        },
        {
          "type": "renderModule",
          "assetId": "tUvxVYleeL",
          "checksum": "27f3f13c5fd698b551df8c829d8f1188"
        },
        {
          "type": "cssRules",
          "assetId": "tUvxVYleeL",
          "checksum": "27f3f13c5fd698b551df8c829d8f1188"
        },
        {
          "type": "icon",
          "assetId": "ytp-msYPk",
          "checksum": "b91dfc9abbbceb010ef5e3c656415f65"
        },
        {
          "type": "icon",
          "assetId": "ZMjzg7GYb",
          "checksum": "13f34bff16848b8d2e74834334c3a4a2"
        },
        {
          "type": "renderModule",
          "assetId": "cmMrWuVRF8",
          "checksum": "15f568fd742990ea02e04a2d9ac9203c"
        },
        {
          "type": "cssRules",
          "assetId": "cmMrWuVRF8",
          "checksum": "15f568fd742990ea02e04a2d9ac9203c"
        },
        {
          "type": "renderModule",
          "assetId": "4PfogoODGJ2",
          "checksum": "3f5cbfe0d27067e174ed80cc2219de8a"
        },
        {
          "type": "cssRules",
          "assetId": "4PfogoODGJ2",
          "checksum": "3f5cbfe0d27067e174ed80cc2219de8a"
        },
        {
          "type": "icon",
          "assetId": "gdJwUI3W1pr",
          "checksum": "c8b754b7d55bf27b6756e35309ed0000"
        },
        {
          "type": "icon",
          "assetId": "wAr9MNE9ViX",
          "checksum": "3d85df9328009e6cf9f11f40b3cff961"
        },
        {
          "type": "image",
          "assetId": "nXmgALh3J",
          "checksum": "a07a33c51a1626ea13865d52d7d48f88"
        },
        {
          "type": "image",
          "assetId": "7Euuq2iGy",
          "checksum": "de3171e6fe087b730e079ded14411d71"
        },
        {
          "type": "renderModule",
          "assetId": "IPO3E1dkvS",
          "checksum": "97cd522606bb5aae8eba4c1a5d6d9989"
        },
        {
          "type": "cssRules",
          "assetId": "IPO3E1dkvS",
          "checksum": "97cd522606bb5aae8eba4c1a5d6d9989"
        },
        {
          "type": "icon",
          "assetId": "7RNqhMDlZ",
          "checksum": "db7313d7c9416580ad898dfd707c53bc"
        },
        {
          "type": "icon",
          "assetId": "o3u0eLkve",
          "checksum": "d76fe27f79a6cccf95b3e04c5df1dd86"
        },
        {
          "type": "image",
          "assetId": "0zNkFQtfl",
          "checksum": "de296848555aa243da5c5d1b08336129"
        },
        {
          "type": "image",
          "assetId": "Atb8lDYde",
          "checksum": "cf39a97de2452764a351a216327c9c14"
        },
        {
          "type": "image",
          "assetId": "mxppxBo9h",
          "checksum": "e718454f1f539c4700fc663310f3c795"
        },
        {
          "type": "image",
          "assetId": "VKenCM4B9",
          "checksum": "157c0480aa81540afdad6acd69741c5a"
        },
        {
          "type": "image",
          "assetId": "SGxyaG374",
          "checksum": "0837afb278819494770fde24c8c3bf38"
        },
        {
          "type": "image",
          "assetId": "CBpJsBfb3",
          "checksum": "138c45fa265dc65f0be27b9193dff532"
        },
        {
          "type": "icon",
          "assetId": "6nNIVk6Ac",
          "checksum": "1092454c775a5b59e56b4373bdf67b98"
        },
        {
          "type": "icon",
          "assetId": "vwon0ZYL0",
          "checksum": "08cf61d6cd22a38c807388f09f63b4a2"
        },
        {
          "type": "icon",
          "assetId": "yxDDmV5N_",
          "checksum": "64dba51b2c44ef818d96e276a55d3aa2"
        },
        {
          "type": "image",
          "assetId": "njAFYOK7N",
          "checksum": "295de4b96294b95902e872a3adee6038"
        },
        {
          "type": "image",
          "assetId": "sqdcX4zXt",
          "checksum": "8a8ed3eed9fbb5a443d1d6c3f5c9cf66"
        },
        {
          "type": "icon",
          "assetId": "bDG5ZCgOH",
          "checksum": "db2a287fa88c7487b50b3b7bd65cb1d3"
        },
        {
          "type": "image",
          "assetId": "PqLMirF7G",
          "checksum": "bf93b53f2fe68c59a07feb5aec8c6cf0"
        },
        {
          "type": "image",
          "assetId": "G1_mGRy4J",
          "checksum": "83f6d50117bac6dc5b4667ecc406282c"
        },
        {
          "type": "image",
          "assetId": "HL9pnPeF_",
          "checksum": "56dece8c5f7c603a5d5510c5d5781048"
        },
        {
          "type": "image",
          "assetId": "oXTk2hZTy",
          "checksum": "516addda68583f12dd71f80b5cd9c92f"
        },
        {
          "type": "image",
          "assetId": "yZk6Q1MeA",
          "checksum": "ec6391e9b0ee17fe956486e51a3c0fe4"
        },
        {
          "type": "image",
          "assetId": "4sgvQ7H4d",
          "checksum": "bb5ffece6cb51e9c27dad747dd079dce"
        },
        {
          "type": "renderModule",
          "assetId": "Gs4WBGGfmh",
          "checksum": "cfd10053e9045a1639499ca094a6f056"
        },
        {
          "type": "cssRules",
          "assetId": "Gs4WBGGfmh",
          "checksum": "cfd10053e9045a1639499ca094a6f056"
        },
        {
          "type": "image",
          "assetId": "n7yW2LyZm",
          "checksum": "05ac203d4d603397fa6a15116ac764c5"
        },
        {
          "type": "renderModule",
          "assetId": "_KwHMp6Wow",
          "checksum": "2678b2277d85aa378d02e4848b354fc5"
        },
        {
          "type": "cssRules",
          "assetId": "_KwHMp6Wow",
          "checksum": "2678b2277d85aa378d02e4848b354fc5"
        },
        {
          "type": "renderModule",
          "assetId": "6W6tImoBwf",
          "checksum": "f5a031f8479066dd050737ef61d104ba"
        },
        {
          "type": "cssRules",
          "assetId": "6W6tImoBwf",
          "checksum": "f5a031f8479066dd050737ef61d104ba"
        },
        {
          "type": "renderModule",
          "assetId": "uMRZAjbxH9",
          "checksum": "6893837e44bf10157a8b99d1112c2f51"
        },
        {
          "type": "cssRules",
          "assetId": "uMRZAjbxH9",
          "checksum": "6893837e44bf10157a8b99d1112c2f51"
        },
        {
          "type": "renderModule",
          "assetId": "iLdRLFQVaF",
          "checksum": "d3fd2fb29b0964af64e8738c093acaf2"
        },
        {
          "type": "cssRules",
          "assetId": "iLdRLFQVaF",
          "checksum": "d3fd2fb29b0964af64e8738c093acaf2"
        },
        {
          "type": "image",
          "assetId": "zHorWSkdc",
          "checksum": "a8d25530b357d977907aedfda724bbf3"
        },
        {
          "type": "image",
          "assetId": "dWOTF9Za_",
          "checksum": "2b0eb0d9ff319ad63df34ac68db3fc3b"
        },
        {
          "type": "renderModule",
          "assetId": "0HaKbtsrpU",
          "checksum": "4df8d55ae0599441bb3784ad2416f95d"
        },
        {
          "type": "cssRules",
          "assetId": "0HaKbtsrpU",
          "checksum": "4df8d55ae0599441bb3784ad2416f95d"
        },
        {
          "type": "image",
          "assetId": "Okai7Ek8A",
          "checksum": "ff545463e263b72cf1c3e366c39fb32d"
        },
        {
          "assetId": "7CzphteDn95cERg7nN7EAF",
          "type": "projectCss",
          "checksum": "8633043f7d932650fcd3691d4708d89c"
        },
        {
          "type": "image",
          "assetId": "Okai7Ek8A",
          "checksum": "ff545463e263b72cf1c3e366c39fb32d"
        }
      ],
      "codegenVersion": "0.0.1"
    }
  ],
  "cliVersion": "0.1.170"
}
